
Microsoft Visual Studio Solution File, Format Version 12.00
# Visual Studio Version 16
VisualStudioVersion = 16.0.30104.148
MinimumVisualStudioVersion = 10.0.40219.1
Project("{FAE04EC0-301F-11D3-BF4B-00C04F79EFBC}") = "AbstractFactory", "AbstractFactory\AbstractFactory.csproj", "{5668C043-F790-4F47-9BAB-AFB529C9AE7E}"
EndProject
Global
	GlobalSection(SolutionConfigurationPlatforms) = preSolution
		Debug|Any CPU = Debug|Any CPU
		Release|Any CPU = Release|Any CPU
	EndGlobalSection
	GlobalSection(ProjectConfigurationPlatforms) = postSolution
		{5668C043-F790-4F47-9BAB-AFB529C9AE7E}.Debug|Any CPU.ActiveCfg = Debug|Any CPU
		{5668C043-F790-4F47-9BAB-AFB529C9AE7E}.Debug|Any CPU.Build.0 = Debug|Any CPU
		{5668C043-F790-4F47-9BAB-AFB529C9AE7E}.Release|Any CPU.ActiveCfg = Release|Any CPU
		{5668C043-F790-4F47-9BAB-AFB529C9AE7E}.Release|Any CPU.Build.0 = Release|Any CPU
	EndGlobalSection
	GlobalSection(SolutionProperties) = preSolution
		HideSolutionNode = FALSE
	EndGlobalSection
	GlobalSection(ExtensibilityGlobals) = postSolution
		SolutionGuid = {5D86C1DC-49AA-449F-893A-F1507313148B}
	EndGlobalSection
EndGlobal
